// !$*UTF8*$!
{
	archiveVersion = 1;
	classes = {
	};
	objectVersion = 46;
	objects = {

/* Begin PBXBuildFile section */
		B236574A19E39AD8002196EA /* AlbertEinsteinStamp.jpg in Resources */ = {isa = PBXBuildFile; fileRef = B236574919E39AD8002196EA /* AlbertEinsteinStamp.jpg */; };
		B241861C19E24B93000F7314 /* SagradaFamilia.jpeg in Resources */ = {isa = PBXBuildFile; fileRef = B241861B19E24B93000F7314 /* SagradaFamilia.jpeg */; };
		B2F7D16619DE53DD0016E543 /* AppDelegate.swift in Sources */ = {isa = PBXBuildFile; fileRef = B2F7D16519DE53DD0016E543 /* AppDelegate.swift */; };
		B2F7D16819DE53DD0016E543 /* ViewController.swift in Sources */ = {isa = PBXBuildFile; fileRef = B2F7D16719DE53DD0016E543 /* ViewController.swift */; };
		B2F7D16B19DE53DD0016E543 /* Main.storyboard in Resources */ = {isa = PBXBuildFile; fileRef = B2F7D16919DE53DD0016E543 /* Main.storyboard */; };
		B2F7D16D19DE53DD0016E543 /* Images.xcassets in Resources */ = {isa = PBXBuildFile; fileRef = B2F7D16C19DE53DD0016E543 /* Images.xcassets */; };
		B2F7D17019DE53DD0016E543 /* LaunchScreen.xib in Resources */ = {isa = PBXBuildFile; fileRef = B2F7D16E19DE53DD0016E543 /* LaunchScreen.xib */; };
		B2F7D17C19DE53DD0016E543 /* PostcardTests.swift in Sources */ = {isa = PBXBuildFile; fileRef = B2F7D17B19DE53DD0016E543 /* PostcardTests.swift */; };
/* End PBXBuildFile section */

/* Begin PBXContainerItemProxy section */
		B2F7D17619DE53DD0016E543 /* PBXContainerItemProxy */ = {
			isa = PBXContainerItemProxy;
			containerPortal = B2F7D15819DE53DD0016E543 /* Project object */;
			proxyType = 1;
			remoteGlobalIDString = B2F7D15F19DE53DD0016E543;
			remoteInfo = Postcard;
		};
/* End PBXContainerItemProxy section */

/* Begin PBXFileReference section */
		B236574919E39AD8002196EA /* AlbertEinsteinStamp.jpg */ = {isa = PBXFileReference; lastKnownFileType = image.jpeg; path = AlbertEinsteinStamp.jpg; sourceTree = "<group>"; };
		B241861B19E24B93000F7314 /* SagradaFamilia.jpeg */ = {isa = PBXFileReference; lastKnownFileType = image.jpeg; path = SagradaFamilia.jpeg; sourceTree = "<group>"; };
		B2F7D16019DE53DD0016E543 /* Postcard.app */ = {isa = PBXFileReference; explicitFileType = wrapper.application; includeInIndex = 0; path = Postcard.app; sourceTree = BUILT_PRODUCTS_DIR; };
		B2F7D16419DE53DD0016E543 /* Info.plist */ = {isa = PBXFileReference; lastKnownFileType = text.plist.xml; path = Info.plist; sourceTree = "<group>"; };
		B2F7D16519DE53DD0016E543 /* AppDelegate.swift */ = {isa = PBXFileReference; lastKnownFileType = sourcecode.swift; path = AppDelegate.swift; sourceTree = "<group>"; };
		B2F7D16719DE53DD0016E543 /* ViewController.swift */ = {isa = PBXFileReference; lastKnownFileType = sourcecode.swift; path = ViewController.swift; sourceTree = "<group>"; };
		B2F7D16A19DE53DD0016E543 /* Base */ = {isa = PBXFileReference; lastKnownFileType = file.storyboard; name = Base; path = Base.lproj/Main.storyboard; sourceTree = "<group>"; };
		B2F7D16C19DE53DD0016E543 /* Images.xcassets */ = {isa = PBXFileReference; lastKnownFileType = folder.assetcatalog; path = Images.xcassets; sourceTree = "<group>"; };
		B2F7D16F19DE53DD0016E543 /* Base */ = {isa = PBXFileReference; lastKnownFileType = file.xib; name = Base; path = Base.lproj/LaunchScreen.xib; sourceTree = "<group>"; };
		B2F7D17519DE53DD0016E543 /* PostcardTests.xctest */ = {isa = PBXFileReference; explicitFileType = wrapper.cfbundle; includeInIndex = 0; path = PostcardTests.xctest; sourceTree = BUILT_PRODUCTS_DIR; };
		B2F7D17A19DE53DD0016E543 /* Info.plist */ = {isa = PBXFileReference; lastKnownFileType = text.plist.xml; path = Info.plist; sourceTree = "<group>"; };
		B2F7D17B19DE53DD0016E543 /* PostcardTests.swift */ = {isa = PBXFileReference; lastKnownFileType = sourcecode.swift; path = PostcardTests.swift; sourceTree = "<group>"; };
/* End PBXFileReference section */

/* Begin PBXFrameworksBuildPhase section */
		B2F7D15D19DE53DD0016E543 /* Frameworks */ = {
			isa = PBXFrameworksBuildPhase;
			buildActionMask = 2147483647;
			files = (
			);
			runOnlyForDeploymentPostprocessing = 0;
		};
		B2F7D17219DE53DD0016E543 /* Frameworks */ = {
			isa = PBXFrameworksBuildPhase;
			buildActionMask = 2147483647;
			files = (
			);
			runOnlyForDeploymentPostprocessing = 0;
		};
/* End PBXFrameworksBuildPhase section */

/* Begin PBXGroup section */
		B2F7D15719DE53DD0016E543 = {
			isa = PBXGroup;
			children = (
				B2F7D16219DE53DD0016E543 /* Postcard */,
				B2F7D17819DE53DD0016E543 /* PostcardTests */,
				B2F7D16119DE53DD0016E543 /* Products */,
			);
			sourceTree = "<group>";
		};
		B2F7D16119DE53DD0016E543 /* Products */ = {
			isa = PBXGroup;
			children = (
				B2F7D16019DE53DD0016E543 /* Postcard.app */,
				B2F7D17519DE53DD0016E543 /* PostcardTests.xctest */,
			);
			name = Products;
			sourceTree = "<group>";
		};
		B2F7D16219DE53DD0016E543 /* Postcard */ = {
			isa = PBXGroup;
			children = (
				B2F7D16519DE53DD0016E543 /* AppDelegate.swift */,
				B2F7D16719DE53DD0016E543 /* ViewController.swift */,
				B2F7D16919DE53DD0016E543 /* Main.storyboard */,
				B2F7D16C19DE53DD0016E543 /* Images.xcassets */,
				B2F7D16E19DE53DD0016E543 /* LaunchScreen.xib */,
				B2F7D16319DE53DD0016E543 /* Supporting Files */,
			);
			path = Postcard;
			sourceTree = "<group>";
		};
		B2F7D16319DE53DD0016E543 /* Supporting Files */ = {
			isa = PBXGroup;
			children = (
				B236574919E39AD8002196EA /* AlbertEinsteinStamp.jpg */,
				B241861B19E24B93000F7314 /* SagradaFamilia.jpeg */,
				B2F7D16419DE53DD0016E543 /* Info.plist */,
			);
			name = "Supporting Files";
			sourceTree = "<group>";
		};
		B2F7D17819DE53DD0016E543 /* PostcardTests */ = {
			isa = PBXGroup;
			children = (
				B2F7D17B19DE53DD0016E543 /* PostcardTests.swift */,
				B2F7D17919DE53DD0016E543 /* Supporting Files */,
			);
			path = PostcardTests;
			sourceTree = "<group>";
		};
		B2F7D17919DE53DD0016E543 /* Supporting Files */ = {
			isa = PBXGroup;
			children = (
				B2F7D17A19DE53DD0016E543 /* Info.plist */,
			);
			name = "Supporting Files";
			sourceTree = "<group>";
		};
/* End PBXGroup section */

/* Begin PBXNativeTarget section */
		B2F7D15F19DE53DD0016E543 /* Postcard */ = {
			isa = PBXNativeTarget;
			buildConfigurationList = B2F7D17F19DE53DD0016E543 /* Build configuration list for PBXNativeTarget "Postcard" */;
			buildPhases = (
				B2F7D15C19DE53DD0016E543 /* Sources */,
				B2F7D15D19DE53DD0016E543 /* Frameworks */,
				B2F7D15E19DE53DD0016E543 /* Resources */,
			);
			buildRules = (
			);
			dependencies = (
			);
			name = Postcard;
			productName = Postcard;
			productReference = B2F7D16019DE53DD0016E543 /* Postcard.app */;
			productType = "com.apple.product-type.application";
		};
		B2F7D17419DE53DD0016E543 /* PostcardTests */ = {
			isa = PBXNativeTarget;
			buildConfigurationList = B2F7D18219DE53DD0016E543 /* Build configuration list for PBXNativeTarget "PostcardTests" */;
			buildPhases = (
				B2F7D17119DE53DD0016E543 /* Sources */,
				B2F7D17219DE53DD0016E543 /* Frameworks */,
				B2F7D17319DE53DD0016E543 /* Resources */,
			);
			buildRules = (
			);
			dependencies = (
				B2F7D17719DE53DD0016E543 /* PBXTargetDependency */,
			);
			name = PostcardTests;
			productName = PostcardTests;
			productReference = B2F7D17519DE53DD0016E543 /* PostcardTests.xctest */;
			productType = "com.apple.product-type.bundle.unit-test";
		};
/* End PBXNativeTarget section */

/* Begin PBXProject section */
		B2F7D15819DE53DD0016E543 /* Project object */ = {
			isa = PBXProject;
			attributes = {
				LastUpgradeCheck = 0600;
				ORGANIZATIONNAME = "Julio Gonzales";
				TargetAttributes = {
					B2F7D15F19DE53DD0016E543 = {
						CreatedOnToolsVersion = 6.0.1;
					};
					B2F7D17419DE53DD0016E543 = {
						CreatedOnToolsVersion = 6.0.1;
						TestTargetID = B2F7D15F19DE53DD0016E543;
					};
				};
			};
			buildConfigurationList = B2F7D15B19DE53DD0016E543 /* Build configuration list for PBXProject "Postcard" */;
			compatibilityVersion = "Xcode 3.2";
			developmentRegion = English;
			hasScannedForEncodings = 0;
			knownRegions = (
				en,
				Base,
			);
			mainGroup = B2F7D15719DE53DD0016E543;
			productRefGroup = B2F7D16119DE53DD0016E543 /* Products */;
			projectDirPath = "";
			projectRoot = "";
			targets = (
				B2F7D15F19DE53DD0016E543 /* Postcard */,
				B2F7D17419DE53DD0016E543 /* PostcardTests */,
			);
		};
/* End PBXProject section */

/* Begin PBXResourcesBuildPhase section */
		B2F7D15E19DE53DD0016E543 /* Resources */ = {
			isa = PBXResourcesBuildPhase;
			buildActionMask = 2147483647;
			files = (
				B2F7D16B19DE53DD0016E543 /* Main.storyboard in Resources */,
				B241861C19E24B93000F7314 /* SagradaFamilia.jpeg in Resources */,
				B236574A19E39AD8002196EA /* AlbertEinsteinStamp.jpg in Resources */,
				B2F7D17019DE53DD0016E543 /* LaunchScreen.xib in Resources */,
				B2F7D16D19DE53DD0016E543 /* Images.xcassets in Resources */,
			);
			runOnlyForDeploymentPostprocessing = 0;
		};
		B2F7D17319DE53DD0016E543 /* Resources */ = {
			isa = PBXResourcesBuildPhase;
			buildActionMask = 2147483647;
			files = (
			);
			runOnlyForDeploymentPostprocessing = 0;
		};
/* End PBXResourcesBuildPhase section */

/* Begin PBXSourcesBuildPhase section */
		B2F7D15C19DE53DD0016E543 /* Sources */ = {
			isa = PBXSourcesBuildPhase;
			buildActionMask = 2147483647;
			files = (
				B2F7D16819DE53DD0016E543 /* ViewController.swift in Sources */,
				B2F7D16619DE53DD0016E543 /* AppDelegate.swift in Sources */,
			);
			runOnlyForDeploymentPostprocessing = 0;
		};
		B2F7D17119DE53DD0016E543 /* Sources */ = {
			isa = PBXSourcesBuildPhase;
			buildActionMask = 2147483647;
			files = (
				B2F7D17C19DE53DD0016E543 /* PostcardTests.swift in Sources */,
			);
			runOnlyForDeploymentPostprocessing = 0;
		};
/* End PBXSourcesBuildPhase section */

/* Begin PBXTargetDependency section */
		B2F7D17719DE53DD0016E543 /* PBXTargetDependency */ = {
			isa = PBXTargetDependency;
			target = B2F7D15F19DE53DD0016E543 /* Postcard */;
			targetProxy = B2F7D17619DE53DD0016E543 /* PBXContainerItemProxy */;
		};
/* End PBXTargetDependency section */

/* Begin PBXVariantGroup section */
		B2F7D16919DE53DD0016E543 /* Main.storyboard */ = {
			isa = PBXVariantGroup;
			children = (
				B2F7D16A19DE53DD0016E543 /* Base */,
			);
			name = Main.storyboard;
			sourceTree = "<group>";
		};
		B2F7D16E19DE53DD0016E543 /* LaunchScreen.xib */ = {
			isa = PBXVariantGroup;
			children = (
				B2F7D16F19DE53DD0016E543 /* Base */,
			);
			name = LaunchScreen.xib;
			sourceTree = "<group>";
		};
/* End PBXVariantGroup section */

/* Begin XCBuildConfiguration section */
		B2F7D17D19DE53DD0016E543 /* Debug */ = {
			isa = XCBuildConfiguration;
			buildSettings = {
				ALWAYS_SEARCH_USER_PATHS = NO;
				CLANG_CXX_LANGUAGE_STANDARD = "gnu++0x";
				CLANG_CXX_LIBRARY = "libc++";
				CLANG_ENABLE_MODULES = YES;
				CLANG_ENABLE_OBJC_ARC = YES;
				CLANG_WARN_BOOL_CONVERSION = YES;
				CLANG_WARN_CONSTANT_CONVERSION = YES;
				CLANG_WARN_DIRECT_OBJC_ISA_USAGE = YES_ERROR;
				CLANG_WARN_EMPTY_BODY = YES;
				CLANG_WARN_ENUM_CONVERSION = YES;
				CLANG_WARN_INT_CONVERSION = YES;
				CLANG_WARN_OBJC_ROOT_CLASS = YES_ERROR;
				CLANG_WARN_UNREACHABLE_CODE = YES;
				CLANG_WARN__DUPLICATE_METHOD_MATCH = YES;
				"CODE_SIGN_IDENTITY[sdk=iphoneos*]" = "iPhone Developer";
				COPY_PHASE_STRIP = NO;
				ENABLE_STRICT_OBJC_MSGSEND = YES;
				GCC_C_LANGUAGE_STANDARD = gnu99;
				GCC_DYNAMIC_NO_PIC = NO;
				GCC_OPTIMIZATION_LEVEL = 0;
				GCC_PREPROCESSOR_DEFINITIONS = (
					"DEBUG=1",
					"$(inherited)",
				);
				GCC_SYMBOLS_PRIVATE_EXTERN = NO;
				GCC_WARN_64_TO_32_BIT_CONVERSION = YES;
				GCC_WARN_ABOUT_RETURN_TYPE = YES_ERROR;
				GCC_WARN_UNDECLARED_SELECTOR = YES;
				GCC_WARN_UNINITIALIZED_AUTOS = YES_AGGRESSIVE;
				GCC_WARN_UNUSED_FUNCTION = YES;
				GCC_WARN_UNUSED_VARIABLE = YES;
				IPHONEOS_DEPLOYMENT_TARGET = 8.0;
				MTL_ENABLE_DEBUG_INFO = YES;
				ONLY_ACTIVE_ARCH = YES;
				SDKROOT = iphoneos;
				SWIFT_OPTIMIZATION_LEVEL = "-Onone";
				TARGETED_DEVICE_FAMILY = "1,2";
			};
			name = Debug;
		};
		B2F7D17E19DE53DD0016E543 /* Release */ = {
			isa = XCBuildConfiguration;
			buildSettings = {
				ALWAYS_SEARCH_USER_PATHS = NO;
				CLANG_CXX_LANGUAGE_STANDARD = "gnu++0x";
				CLANG_CXX_LIBRARY = "libc++";
				CLANG_ENABLE_MODULES = YES;
				CLANG_ENABLE_OBJC_ARC = YES;
				CLANG_WARN_BOOL_CONVERSION = YES;
				CLANG_WARN_CONSTANT_CONVERSION = YES;
				CLANG_WARN_DIRECT_OBJC_ISA_USAGE = YES_ERROR;
				CLANG_WARN_EMPTY_BODY = YES;
				CLANG_WARN_ENUM_CONVERSION = YES;
				CLANG_WARN_INT_CONVERSION = YES;
				CLANG_WARN_OBJC_ROOT_CLASS = YES_ERROR;
				CLANG_WARN_UNREACHABLE_CODE = YES;
				CLANG_WARN__DUPLICATE_METHOD_MATCH = YES;
				"CODE_SIGN_IDENTITY[sdk=iphoneos*]" = "iPhone Developer";
				COPY_PHASE_STRIP = YES;
				ENABLE_NS_ASSERTIONS = NO;
				ENABLE_STRICT_OBJC_MSGSEND = YES;
				GCC_C_LANGUAGE_STANDARD = gnu99;
				GCC_WARN_64_TO_32_BIT_CONVERSION = YES;
				GCC_WARN_ABOUT_RETURN_TYPE = YES_ERROR;
				GCC_WARN_UNDECLARED_SELECTOR = YES;
				GCC_WARN_UNINITIALIZED_AUTOS = YES_AGGRESSIVE;
				GCC_WARN_UNUSED_FUNCTION = YES;
				GCC_WARN_UNUSED_VARIABLE = YES;
				IPHONEOS_DEPLOYMENT_TARGET = 8.0;
				MTL_ENABLE_DEBUG_INFO = NO;
				SDKROOT = iphoneos;
				TARGETED_DEVICE_FAMILY = "1,2";
				VALIDATE_PRODUCT = YES;
			};
			name = Release;
		};
		B2F7D18019DE53DD0016E543 /* Debug */ = {
			isa = XCBuildConfiguration;
			buildSettings = {
				ASSETCATALOG_COMPILER_APPICON_NAME = AppIcon;
				INFOPLIST_FILE = Postcard/Info.plist;
				LD_RUNPATH_SEARCH_PATHS = "$(inherited) @executable_path/Frameworks";
				PRODUCT_NAME = "$(TARGET_NAME)";
			};
			name = Debug;
		};
		B2F7D18119DE53DD0016E543 /* Release */ = {
			isa = XCBuildConfiguration;
			buildSettings = {
				ASSETCATALOG_COMPILER_APPICON_NAME = AppIcon;
				INFOPLIST_FILE = Postcard/Info.plist;
				LD_RUNPATH_SEARCH_PATHS = "$(inherited) @executable_path/Frameworks";
				PRODUCT_NAME = "$(TARGET_NAME)";
			};
			name = Release;
		};
		B2F7D18319DE53DD0016E543 /* Debug */ = {
			isa = XCBuildConfiguration;
			buildSettings = {
				BUNDLE_LOADER = "$(TEST_HOST)";
				FRAMEWORK_SEARCH_PATHS = (
					"$(SDKROOT)/Developer/Library/Frameworks",
					"$(inherited)",
				);
				GCC_PREPROCESSOR_DEFINITIONS = (
					"DEBUG=1",
					"$(inherited)",
				);
				INFOPLIST_FILE = PostcardTests/Info.plist;
				LD_RUNPATH_SEARCH_PATHS = "$(inherited) @executable_path/Frameworks @loader_path/Frameworks";
				PRODUCT_NAME = "$(TARGET_NAME)";
				TEST_HOST = "$(BUILT_PRODUCTS_DIR)/Postcard.app/Postcard";
			};
			name = Debug;
		};
		B2F7D18419DE53DD0016E543 /* Release */ = {
			isa = XCBuildConfiguration;
			buildSettings = {
				BUNDLE_LOADER = "$(TEST_HOST)";
				FRAMEWORK_SEARCH_PATHS = (
					"$(SDKROOT)/Developer/Library/Frameworks",
					"$(inherited)",
				);
				INFOPLIST_FILE = PostcardTests/Info.plist;
				LD_RUNPATH_SEARCH_PATHS = "$(inherited) @executable_path/Frameworks @loader_path/Frameworks";
				PRODUCT_NAME = "$(TARGET_NAME)";
				TEST_HOST = "$(BUILT_PRODUCTS_DIR)/Postcard.app/Postcard";
			};
			name = Release;
		};
/* End XCBuildConfiguration section */

/* Begin XCConfigurationList section */
		B2F7D15B19DE53DD0016E543 /* Build configuration list for PBXProject "Postcard" */ = {
			isa = XCConfigurationList;
			buildConfigurations = (
				B2F7D17D19DE53DD0016E543 /* Debug */,
				B2F7D17E19DE53DD0016E543 /* Release */,
			);
			defaultConfigurationIsVisible = 0;
			defaultConfigurationName = Release;
		};
		B2F7D17F19DE53DD0016E543 /* Build configuration list for PBXNativeTarget "Postcard" */ = {
			isa = XCConfigurationList;
			buildConfigurations = (
				B2F7D18019DE53DD0016E543 /* Debug */,
				B2F7D18119DE53DD0016E543 /* Release */,
			);
			defaultConfigurationIsVisible = 0;
			defaultConfigurationName = Release;
		};
		B2F7D18219DE53DD0016E543 /* Build configuration list for PBXNativeTarget "PostcardTests" */ = {
			isa = XCConfigurationList;
			buildConfigurations = (
				B2F7D18319DE53DD0016E543 /* Debug */,
				B2F7D18419DE53DD0016E543 /* Release */,
			);
			defaultConfigurationIsVisible = 0;
			defaultConfigurationName = Release;
		};
/* End XCConfigurationList section */
	};
	rootObject = B2F7D15819DE53DD0016E543 /* Project object */;
}
